
Microsoft Visual Studio Solution File, Format Version 11.00
# Visual Studio 2010
Project("{FAE04EC0-301F-11D3-BF4B-00C04F79EFBC}") = "UnityEngine.TestRunner", "UnityEngine.TestRunner.csproj", "{79e40423-31e4-aabc-aa28-d1aa76452c03}"
EndProject
Project("{FAE04EC0-301F-11D3-BF4B-00C04F79EFBC}") = "UnityEngine.UI", "UnityEngine.UI.csproj", "{11f9b706-c074-de9b-6033-3ec1669da9ea}"
EndProject
Project("{FAE04EC0-301F-11D3-BF4B-00C04F79EFBC}") = "Unity.TextMeshPro", "Unity.TextMeshPro.csproj", "{a345cfd1-6476-9098-f7fb-0809d91f6703}"
EndProject
Project("{FAE04EC0-301F-11D3-BF4B-00C04F79EFBC}") = "Unity.Timeline", "Unity.Timeline.csproj", "{385ae7af-42b9-f9dd-b1a4-ad7f2ceae7cf}"
EndProject
Project("{FAE04EC0-301F-11D3-BF4B-00C04F79EFBC}") = "Assembly-CSharp", "Assembly-CSharp.csproj", "{08d9e6e7-1c18-4d86-f6f4-05439bfc5a81}"
EndProject
Project("{FAE04EC0-301F-11D3-BF4B-00C04F79EFBC}") = "UnityEditor.TestRunner", "UnityEditor.TestRunner.csproj", "{6a2ce2bd-2789-cec9-cc5f-e9586f9bc397}"
EndProject
Project("{FAE04EC0-301F-11D3-BF4B-00C04F79EFBC}") = "Unity.TextMeshPro.Editor", "Unity.TextMeshPro.Editor.csproj", "{1d2737af-37f1-aa4b-996b-e5cb4880e422}"
EndProject
Project("{FAE04EC0-301F-11D3-BF4B-00C04F79EFBC}") = "Unity.Timeline.Editor", "Unity.Timeline.Editor.csproj", "{8c5d30b9-1257-8396-f869-c9e9aaa6226b}"
EndProject
Project("{FAE04EC0-301F-11D3-BF4B-00C04F79EFBC}") = "UnityEditor.UI", "UnityEditor.UI.csproj", "{db202f8b-3882-bb64-a636-d37fcf9848e1}"
EndProject
Project("{FAE04EC0-301F-11D3-BF4B-00C04F79EFBC}") = "Unity.Rider.Editor", "Unity.Rider.Editor.csproj", "{4fd5726c-ec50-f36a-0c5d-9c546df026c8}"
EndProject
Project("{FAE04EC0-301F-11D3-BF4B-00C04F79EFBC}") = "Unity.CollabProxy.Editor", "Unity.CollabProxy.Editor.csproj", "{6d41e3cd-2a43-58f2-5914-5e7fdea8151d}"
EndProject
Project("{FAE04EC0-301F-11D3-BF4B-00C04F79EFBC}") = "Unity.VSCode.Editor", "Unity.VSCode.Editor.csproj", "{63400c09-8fd2-3371-d385-46cbe9c91a73}"
EndProject
Global
	GlobalSection(SolutionConfigurationPlatforms) = preSolution
		Debug|Any CPU = Debug|Any CPU
	EndGlobalSection
	GlobalSection(ProjectConfigurationPlatforms) = postSolution
		{79e40423-31e4-aabc-aa28-d1aa76452c03}.Debug|Any CPU.ActiveCfg = Debug|Any CPU
		{79e40423-31e4-aabc-aa28-d1aa76452c03}.Debug|Any CPU.Build.0 = Debug|Any CPU
		{11f9b706-c074-de9b-6033-3ec1669da9ea}.Debug|Any CPU.ActiveCfg = Debug|Any CPU
		{11f9b706-c074-de9b-6033-3ec1669da9ea}.Debug|Any CPU.Build.0 = Debug|Any CPU
		{a345cfd1-6476-9098-f7fb-0809d91f6703}.Debug|Any CPU.ActiveCfg = Debug|Any CPU
		{a345cfd1-6476-9098-f7fb-0809d91f6703}.Debug|Any CPU.Build.0 = Debug|Any CPU
		{385ae7af-42b9-f9dd-b1a4-ad7f2ceae7cf}.Debug|Any CPU.ActiveCfg = Debug|Any CPU
		{385ae7af-42b9-f9dd-b1a4-ad7f2ceae7cf}.Debug|Any CPU.Build.0 = Debug|Any CPU
		{08d9e6e7-1c18-4d86-f6f4-05439bfc5a81}.Debug|Any CPU.ActiveCfg = Debug|Any CPU
		{08d9e6e7-1c18-4d86-f6f4-05439bfc5a81}.Debug|Any CPU.Build.0 = Debug|Any CPU
		{6a2ce2bd-2789-cec9-cc5f-e9586f9bc397}.Debug|Any CPU.ActiveCfg = Debug|Any CPU
		{6a2ce2bd-2789-cec9-cc5f-e9586f9bc397}.Debug|Any CPU.Build.0 = Debug|Any CPU
		{1d2737af-37f1-aa4b-996b-e5cb4880e422}.Debug|Any CPU.ActiveCfg = Debug|Any CPU
		{1d2737af-37f1-aa4b-996b-e5cb4880e422}.Debug|Any CPU.Build.0 = Debug|Any CPU
		{8c5d30b9-1257-8396-f869-c9e9aaa6226b}.Debug|Any CPU.ActiveCfg = Debug|Any CPU
		{8c5d30b9-1257-8396-f869-c9e9aaa6226b}.Debug|Any CPU.Build.0 = Debug|Any CPU
		{db202f8b-3882-bb64-a636-d37fcf9848e1}.Debug|Any CPU.ActiveCfg = Debug|Any CPU
		{db202f8b-3882-bb64-a636-d37fcf9848e1}.Debug|Any CPU.Build.0 = Debug|Any CPU
		{4fd5726c-ec50-f36a-0c5d-9c546df026c8}.Debug|Any CPU.ActiveCfg = Debug|Any CPU
		{4fd5726c-ec50-f36a-0c5d-9c546df026c8}.Debug|Any CPU.Build.0 = Debug|Any CPU
		{6d41e3cd-2a43-58f2-5914-5e7fdea8151d}.Debug|Any CPU.ActiveCfg = Debug|Any CPU
		{6d41e3cd-2a43-58f2-5914-5e7fdea8151d}.Debug|Any CPU.Build.0 = Debug|Any CPU
		{63400c09-8fd2-3371-d385-46cbe9c91a73}.Debug|Any CPU.ActiveCfg = Debug|Any CPU
		{63400c09-8fd2-3371-d385-46cbe9c91a73}.Debug|Any CPU.Build.0 = Debug|Any CPU
	EndGlobalSection
	GlobalSection(SolutionProperties) = preSolution
		HideSolutionNode = FALSE
	EndGlobalSection
EndGlobal
